// !$*UTF8*$!
{
	archiveVersion = 1;
	classes = {
	};
	objectVersion = 46;
	objects = {

/* Begin PBXBuildFile section */
		60FCFC881DC19775004F1D45 /* AppDelegate.swift in Sources */ = {isa = PBXBuildFile; fileRef = 60FCFC871DC19775004F1D45 /* AppDelegate.swift */; };
		60FCFC8A1DC19775004F1D45 /* ViewController.swift in Sources */ = {isa = PBXBuildFile; fileRef = 60FCFC891DC19775004F1D45 /* ViewController.swift */; };
		60FCFC8D1DC19775004F1D45 /* Main.storyboard in Resources */ = {isa = PBXBuildFile; fileRef = 60FCFC8B1DC19775004F1D45 /* Main.storyboard */; };
		60FCFC8F1DC19775004F1D45 /* Assets.xcassets in Resources */ = {isa = PBXBuildFile; fileRef = 60FCFC8E1DC19775004F1D45 /* Assets.xcassets */; };
		60FCFC921DC19775004F1D45 /* LaunchScreen.storyboard in Resources */ = {isa = PBXBuildFile; fileRef = 60FCFC901DC19775004F1D45 /* LaunchScreen.storyboard */; };
		ED59F2D19D508CB0B595463F /* Pods_ChatWithParse.framework in Frameworks */ = {isa = PBXBuildFile; fileRef = BD2CBC2281426B37966F9F36 /* Pods_ChatWithParse.framework */; };
/* End PBXBuildFile section */

/* Begin PBXFileReference section */
		60FCFC841DC19775004F1D45 /* ChatWithParse.app */ = {isa = PBXFileReference; explicitFileType = wrapper.application; includeInIndex = 0; path = ChatWithParse.app; sourceTree = BUILT_PRODUCTS_DIR; };
		60FCFC871DC19775004F1D45 /* AppDelegate.swift */ = {isa = PBXFileReference; lastKnownFileType = sourcecode.swift; path = AppDelegate.swift; sourceTree = "<group>"; };
		60FCFC891DC19775004F1D45 /* ViewController.swift */ = {isa = PBXFileReference; lastKnownFileType = sourcecode.swift; path = ViewController.swift; sourceTree = "<group>"; };
		60FCFC8C1DC19775004F1D45 /* Base */ = {isa = PBXFileReference; lastKnownFileType = file.storyboard; name = Base; path = Base.lproj/Main.storyboard; sourceTree = "<group>"; };
		60FCFC8E1DC19775004F1D45 /* Assets.xcassets */ = {isa = PBXFileReference; lastKnownFileType = folder.assetcatalog; path = Assets.xcassets; sourceTree = "<group>"; };
		60FCFC911DC19775004F1D45 /* Base */ = {isa = PBXFileReference; lastKnownFileType = file.storyboard; name = Base; path = Base.lproj/LaunchScreen.storyboard; sourceTree = "<group>"; };
		60FCFC931DC19775004F1D45 /* Info.plist */ = {isa = PBXFileReference; lastKnownFileType = text.plist.xml; path = Info.plist; sourceTree = "<group>"; };
		8D22637EE7EDD378C57DBA65 /* Pods-ChatWithParse.debug.xcconfig */ = {isa = PBXFileReference; includeInIndex = 1; lastKnownFileType = text.xcconfig; name = "Pods-ChatWithParse.debug.xcconfig"; path = "Pods/Target Support Files/Pods-ChatWithParse/Pods-ChatWithParse.debug.xcconfig"; sourceTree = "<group>"; };
		BD2CBC2281426B37966F9F36 /* Pods_ChatWithParse.framework */ = {isa = PBXFileReference; explicitFileType = wrapper.framework; includeInIndex = 0; path = Pods_ChatWithParse.framework; sourceTree = BUILT_PRODUCTS_DIR; };
		D9DAC876514F1BC569E320B0 /* Pods-ChatWithParse.release.xcconfig */ = {isa = PBXFileReference; includeInIndex = 1; lastKnownFileType = text.xcconfig; name = "Pods-ChatWithParse.release.xcconfig"; path = "Pods/Target Support Files/Pods-ChatWithParse/Pods-ChatWithParse.release.xcconfig"; sourceTree = "<group>"; };
/* End PBXFileReference section */

/* Begin PBXFrameworksBuildPhase section */
		60FCFC811DC19775004F1D45 /* Frameworks */ = {
			isa = PBXFrameworksBuildPhase;
			buildActionMask = 2147483647;
			files = (
				ED59F2D19D508CB0B595463F /* Pods_ChatWithParse.framework in Frameworks */,
			);
			runOnlyForDeploymentPostprocessing = 0;
		};
/* End PBXFrameworksBuildPhase section */

/* Begin PBXGroup section */
		60FCFC7B1DC19775004F1D45 = {
			isa = PBXGroup;
			children = (
				60FCFC861DC19775004F1D45 /* ChatWithParse */,
				60FCFC851DC19775004F1D45 /* Products */,
				A7D0410E0718B9152E34C75D /* Pods */,
				A247726C61416FDF8A6B63B3 /* Frameworks */,
			);
			sourceTree = "<group>";
		};
		60FCFC851DC19775004F1D45 /* Products */ = {
			isa = PBXGroup;
			children = (
				60FCFC841DC19775004F1D45 /* ChatWithParse.app */,
			);
			name = Products;
			sourceTree = "<group>";
		};
		60FCFC861DC19775004F1D45 /* ChatWithParse */ = {
			isa = PBXGroup;
			children = (
				60FCFC871DC19775004F1D45 /* AppDelegate.swift */,
				60FCFC891DC19775004F1D45 /* ViewController.swift */,
				60FCFC8B1DC19775004F1D45 /* Main.storyboard */,
				60FCFC8E1DC19775004F1D45 /* Assets.xcassets */,
				60FCFC901DC19775004F1D45 /* LaunchScreen.storyboard */,
				60FCFC931DC19775004F1D45 /* Info.plist */,
			);
			path = ChatWithParse;
			sourceTree = "<group>";
		};
		A247726C61416FDF8A6B63B3 /* Frameworks */ = {
			isa = PBXGroup;
			children = (
				BD2CBC2281426B37966F9F36 /* Pods_ChatWithParse.framework */,
			);
			name = Frameworks;
			sourceTree = "<group>";
		};
		A7D0410E0718B9152E34C75D /* Pods */ = {
			isa = PBXGroup;
			children = (
				8D22637EE7EDD378C57DBA65 /* Pods-ChatWithParse.debug.xcconfig */,
				D9DAC876514F1BC569E320B0 /* Pods-ChatWithParse.release.xcconfig */,
			);
			name = Pods;
			sourceTree = "<group>";
		};
/* End PBXGroup section */

/* Begin PBXNativeTarget section */
		60FCFC831DC19775004F1D45 /* ChatWithParse */ = {
			isa = PBXNativeTarget;
			buildConfigurationList = 60FCFC961DC19775004F1D45 /* Build configuration list for PBXNativeTarget "ChatWithParse" */;
			buildPhases = (
				6E7E2DE9BB5CADC1FCD4040D /* [CP] Check Pods Manifest.lock */,
				60FCFC801DC19775004F1D45 /* Sources */,
				60FCFC811DC19775004F1D45 /* Frameworks */,
				60FCFC821DC19775004F1D45 /* Resources */,
				CE442F9551218AA723B1B276 /* [CP] Embed Pods Frameworks */,
				430ACB0C997024AC0B204812 /* [CP] Copy Pods Resources */,
			);
			buildRules = (
			);
			dependencies = (
			);
			name = ChatWithParse;
			productName = ChatWithParse;
			productReference = 60FCFC841DC19775004F1D45 /* ChatWithParse.app */;
			productType = "com.apple.product-type.application";
		};
/* End PBXNativeTarget section */

/* Begin PBXProject section */
		60FCFC7C1DC19775004F1D45 /* Project object */ = {
			isa = PBXProject;
			attributes = {
				LastSwiftUpdateCheck = 0800;
				LastUpgradeCheck = 0800;
				ORGANIZATIONNAME = "Chihiro Saito";
				TargetAttributes = {
					60FCFC831DC19775004F1D45 = {
						CreatedOnToolsVersion = 8.0;
						ProvisioningStyle = Automatic;
					};
				};
			};
			buildConfigurationList = 60FCFC7F1DC19775004F1D45 /* Build configuration list for PBXProject "ChatWithParse" */;
			compatibilityVersion = "Xcode 3.2";
			developmentRegion = English;
			hasScannedForEncodings = 0;
			knownRegions = (
				en,
				Base,
			);
			mainGroup = 60FCFC7B1DC19775004F1D45;
			productRefGroup = 60FCFC851DC19775004F1D45 /* Products */;
			projectDirPath = "";
			projectRoot = "";
			targets = (
				60FCFC831DC19775004F1D45 /* ChatWithParse */,
			);
		};
/* End PBXProject section */

/* Begin PBXResourcesBuildPhase section */
		60FCFC821DC19775004F1D45 /* Resources */ = {
			isa = PBXResourcesBuildPhase;
			buildActionMask = 2147483647;
			files = (
				60FCFC921DC19775004F1D45 /* LaunchScreen.storyboard in Resources */,
				60FCFC8F1DC19775004F1D45 /* Assets.xcassets in Resources */,
				60FCFC8D1DC19775004F1D45 /* Main.storyboard in Resources */,
			);
			runOnlyForDeploymentPostprocessing = 0;
		};
/* End PBXResourcesBuildPhase section */

/* Begin PBXShellScriptBuildPhase section */
		430ACB0C997024AC0B204812 /* [CP] Copy Pods Resources */ = {
			isa = PBXShellScriptBuildPhase;
			buildActionMask = 2147483647;
			files = (
			);
			inputPaths = (
			);
			name = "[CP] Copy Pods Resources";
			outputPaths = (
			);
			runOnlyForDeploymentPostprocessing = 0;
			shellPath = /bin/sh;
			shellScript = "\"${SRCROOT}/Pods/Target Support Files/Pods-ChatWithParse/Pods-ChatWithParse-resources.sh\"\n";
			showEnvVarsInLog = 0;
		};
		6E7E2DE9BB5CADC1FCD4040D /* [CP] Check Pods Manifest.lock */ = {
			isa = PBXShellScriptBuildPhase;
			buildActionMask = 2147483647;
			files = (
			);
			inputPaths = (
			);
			name = "[CP] Check Pods Manifest.lock";
			outputPaths = (
			);
			runOnlyForDeploymentPostprocessing = 0;
			shellPath = /bin/sh;
			shellScript = "diff \"${PODS_ROOT}/../Podfile.lock\" \"${PODS_ROOT}/Manifest.lock\" > /dev/null\nif [ $? != 0 ] ; then\n    # print error to STDERR\n    echo \"error: The sandbox is not in sync with the Podfile.lock. Run 'pod install' or update your CocoaPods installation.\" >&2\n    exit 1\nfi\n";
			showEnvVarsInLog = 0;
		};
		CE442F9551218AA723B1B276 /* [CP] Embed Pods Frameworks */ = {
			isa = PBXShellScriptBuildPhase;
			buildActionMask = 2147483647;
			files = (
			);
			inputPaths = (
			);
			name = "[CP] Embed Pods Frameworks";
			outputPaths = (
			);
			runOnlyForDeploymentPostprocessing = 0;
			shellPath = /bin/sh;
			shellScript = "\"${SRCROOT}/Pods/Target Support Files/Pods-ChatWithParse/Pods-ChatWithParse-frameworks.sh\"\n";
			showEnvVarsInLog = 0;
		};
/* End PBXShellScriptBuildPhase section */

/* Begin PBXSourcesBuildPhase section */
		60FCFC801DC19775004F1D45 /* Sources */ = {
			isa = PBXSourcesBuildPhase;
			buildActionMask = 2147483647;
			files = (
				60FCFC8A1DC19775004F1D45 /* ViewController.swift in Sources */,
				60FCFC881DC19775004F1D45 /* AppDelegate.swift in Sources */,
			);
			runOnlyForDeploymentPostprocessing = 0;
		};
/* End PBXSourcesBuildPhase section */

/* Begin PBXVariantGroup section */
		60FCFC8B1DC19775004F1D45 /* Main.storyboard */ = {
			isa = PBXVariantGroup;
			children = (
				60FCFC8C1DC19775004F1D45 /* Base */,
			);
			name = Main.storyboard;
			sourceTree = "<group>";
		};
		60FCFC901DC19775004F1D45 /* LaunchScreen.storyboard */ = {
			isa = PBXVariantGroup;
			children = (
				60FCFC911DC19775004F1D45 /* Base */,
			);
			name = LaunchScreen.storyboard;
			sourceTree = "<group>";
		};
/* End PBXVariantGroup section */

/* Begin XCBuildConfiguration section */
		60FCFC941DC19775004F1D45 /* Debug */ = {
			isa = XCBuildConfiguration;
			buildSettings = {
				ALWAYS_SEARCH_USER_PATHS = NO;
				CLANG_ANALYZER_NONNULL = YES;
				CLANG_CXX_LANGUAGE_STANDARD = "gnu++0x";
				CLANG_CXX_LIBRARY = "libc++";
				CLANG_ENABLE_MODULES = YES;
				CLANG_ENABLE_OBJC_ARC = YES;
				CLANG_WARN_BOOL_CONVERSION = YES;
				CLANG_WARN_CONSTANT_CONVERSION = YES;
				CLANG_WARN_DIRECT_OBJC_ISA_USAGE = YES_ERROR;
				CLANG_WARN_DOCUMENTATION_COMMENTS = YES;
				CLANG_WARN_EMPTY_BODY = YES;
				CLANG_WARN_ENUM_CONVERSION = YES;
				CLANG_WARN_INFINITE_RECURSION = YES;
				CLANG_WARN_INT_CONVERSION = YES;
				CLANG_WARN_OBJC_ROOT_CLASS = YES_ERROR;
				CLANG_WARN_SUSPICIOUS_MOVES = YES;
				CLANG_WARN_UNREACHABLE_CODE = YES;
				CLANG_WARN__DUPLICATE_METHOD_MATCH = YES;
				"CODE_SIGN_IDENTITY[sdk=iphoneos*]" = "iPhone Developer";
				COPY_PHASE_STRIP = NO;
				DEBUG_INFORMATION_FORMAT = dwarf;
				ENABLE_STRICT_OBJC_MSGSEND = YES;
				ENABLE_TESTABILITY = YES;
				GCC_C_LANGUAGE_STANDARD = gnu99;
				GCC_DYNAMIC_NO_PIC = NO;
				GCC_NO_COMMON_BLOCKS = YES;
				GCC_OPTIMIZATION_LEVEL = 0;
				GCC_PREPROCESSOR_DEFINITIONS = (
					"DEBUG=1",
					"$(inherited)",
				);
				GCC_WARN_64_TO_32_BIT_CONVERSION = YES;
				GCC_WARN_ABOUT_RETURN_TYPE = YES_ERROR;
				GCC_WARN_UNDECLARED_SELECTOR = YES;
				GCC_WARN_UNINITIALIZED_AUTOS = YES_AGGRESSIVE;
				GCC_WARN_UNUSED_FUNCTION = YES;
				GCC_WARN_UNUSED_VARIABLE = YES;
				IPHONEOS_DEPLOYMENT_TARGET = 10.0;
				MTL_ENABLE_DEBUG_INFO = YES;
				ONLY_ACTIVE_ARCH = YES;
				SDKROOT = iphoneos;
				SWIFT_ACTIVE_COMPILATION_CONDITIONS = DEBUG;
				SWIFT_OPTIMIZATION_LEVEL = "-Onone";
				TARGETED_DEVICE_FAMILY = "1,2";
			};
			name = Debug;
		};
		60FCFC951DC19775004F1D45 /* Release */ = {
			isa = XCBuildConfiguration;
			buildSettings = {
				ALWAYS_SEARCH_USER_PATHS = NO;
				CLANG_ANALYZER_NONNULL = YES;
				CLANG_CXX_LANGUAGE_STANDARD = "gnu++0x";
				CLANG_CXX_LIBRARY = "libc++";
				CLANG_ENABLE_MODULES = YES;
				CLANG_ENABLE_OBJC_ARC = YES;
				CLANG_WARN_BOOL_CONVERSION = YES;
				CLANG_WARN_CONSTANT_CONVERSION = YES;
				CLANG_WARN_DIRECT_OBJC_ISA_USAGE = YES_ERROR;
				CLANG_WARN_DOCUMENTATION_COMMENTS = YES;
				CLANG_WARN_EMPTY_BODY = YES;
				CLANG_WARN_ENUM_CONVERSION = YES;
				CLANG_WARN_INFINITE_RECURSION = YES;
				CLANG_WARN_INT_CONVERSION = YES;
				CLANG_WARN_OBJC_ROOT_CLASS = YES_ERROR;
				CLANG_WARN_SUSPICIOUS_MOVES = YES;
				CLANG_WARN_UNREACHABLE_CODE = YES;
				CLANG_WARN__DUPLICATE_METHOD_MATCH = YES;
				"CODE_SIGN_IDENTITY[sdk=iphoneos*]" = "iPhone Developer";
				COPY_PHASE_STRIP = NO;
				DEBUG_INFORMATION_FORMAT = "dwarf-with-dsym";
				ENABLE_NS_ASSERTIONS = NO;
				ENABLE_STRICT_OBJC_MSGSEND = YES;
				GCC_C_LANGUAGE_STANDARD = gnu99;
				GCC_NO_COMMON_BLOCKS = YES;
				GCC_WARN_64_TO_32_BIT_CONVERSION = YES;
				GCC_WARN_ABOUT_RETURN_TYPE = YES_ERROR;
				GCC_WARN_UNDECLARED_SELECTOR = YES;
				GCC_WARN_UNINITIALIZED_AUTOS = YES_AGGRESSIVE;
				GCC_WARN_UNUSED_FUNCTION = YES;
				GCC_WARN_UNUSED_VARIABLE = YES;
				IPHONEOS_DEPLOYMENT_TARGET = 10.0;
				MTL_ENABLE_DEBUG_INFO = NO;
				SDKROOT = iphoneos;
				SWIFT_OPTIMIZATION_LEVEL = "-Owholemodule";
				TARGETED_DEVICE_FAMILY = "1,2";
				VALIDATE_PRODUCT = YES;
			};
			name = Release;
		};
		60FCFC971DC19775004F1D45 /* Debug */ = {
			isa = XCBuildConfiguration;
			baseConfigurationReference = 8D22637EE7EDD378C57DBA65 /* Pods-ChatWithParse.debug.xcconfig */;
			buildSettings = {
				ASSETCATALOG_COMPILER_APPICON_NAME = AppIcon;
				INFOPLIST_FILE = ChatWithParse/Info.plist;
				LD_RUNPATH_SEARCH_PATHS = "$(inherited) @executable_path/Frameworks";
				PRODUCT_BUNDLE_IDENTIFIER = projects.ChatWithParse;
				PRODUCT_NAME = "$(TARGET_NAME)";
				SWIFT_VERSION = 3.0;
			};
			name = Debug;
		};
		60FCFC981DC19775004F1D45 /* Release */ = {
			isa = XCBuildConfiguration;
			baseConfigurationReference = D9DAC876514F1BC569E320B0 /* Pods-ChatWithParse.release.xcconfig */;
			buildSettings = {
				ASSETCATALOG_COMPILER_APPICON_NAME = AppIcon;
				INFOPLIST_FILE = ChatWithParse/Info.plist;
				LD_RUNPATH_SEARCH_PATHS = "$(inherited) @executable_path/Frameworks";
				PRODUCT_BUNDLE_IDENTIFIER = projects.ChatWithParse;
				PRODUCT_NAME = "$(TARGET_NAME)";
				SWIFT_VERSION = 3.0;
			};
			name = Release;
		};
/* End XCBuildConfiguration section */

/* Begin XCConfigurationList section */
		60FCFC7F1DC19775004F1D45 /* Build configuration list for PBXProject "ChatWithParse" */ = {
			isa = XCConfigurationList;
			buildConfigurations = (
				60FCFC941DC19775004F1D45 /* Debug */,
				60FCFC951DC19775004F1D45 /* Release */,
			);
			defaultConfigurationIsVisible = 0;
			defaultConfigurationName = Release;
		};
		60FCFC961DC19775004F1D45 /* Build configuration list for PBXNativeTarget "ChatWithParse" */ = {
			isa = XCConfigurationList;
			buildConfigurations = (
				60FCFC971DC19775004F1D45 /* Debug */,
				60FCFC981DC19775004F1D45 /* Release */,
			);
			defaultConfigurationIsVisible = 0;
			defaultConfigurationName = Release;
		};
/* End XCConfigurationList section */
	};
	rootObject = 60FCFC7C1DC19775004F1D45 /* Project object */;
}
